
Microsoft Visual Studio Solution File, Format Version 12.00
# Visual Studio 15
VisualStudioVersion = 15.0.28010.2026
MinimumVisualStudioVersion = 10.0.40219.1
Project("{FAE04EC0-301F-11D3-BF4B-00C04F79EFBC}") = "Pages", "ClassLibrary1\Pages.csproj", "{EBAA0DD5-DC62-43AA-BF0F-B9525950C87E}"
EndProject
Project("{FAE04EC0-301F-11D3-BF4B-00C04F79EFBC}") = "AutoTests", "UnitTestProject1\AutoTests.csproj", "{7677267B-840D-416D-86F5-1411C2F56B0D}"
EndProject
Global
	GlobalSection(SolutionConfigurationPlatforms) = preSolution
		Debug|Any CPU = Debug|Any CPU
		Release|Any CPU = Release|Any CPU
	EndGlobalSection
	GlobalSection(ProjectConfigurationPlatforms) = postSolution
		{EBAA0DD5-DC62-43AA-BF0F-B9525950C87E}.Debug|Any CPU.ActiveCfg = Debug|Any CPU
		{EBAA0DD5-DC62-43AA-BF0F-B9525950C87E}.Debug|Any CPU.Build.0 = Debug|Any CPU
		{EBAA0DD5-DC62-43AA-BF0F-B9525950C87E}.Release|Any CPU.ActiveCfg = Release|Any CPU
		{EBAA0DD5-DC62-43AA-BF0F-B9525950C87E}.Release|Any CPU.Build.0 = Release|Any CPU
		{7677267B-840D-416D-86F5-1411C2F56B0D}.Debug|Any CPU.ActiveCfg = Debug|Any CPU
		{7677267B-840D-416D-86F5-1411C2F56B0D}.Debug|Any CPU.Build.0 = Debug|Any CPU
		{7677267B-840D-416D-86F5-1411C2F56B0D}.Release|Any CPU.ActiveCfg = Release|Any CPU
		{7677267B-840D-416D-86F5-1411C2F56B0D}.Release|Any CPU.Build.0 = Release|Any CPU
	EndGlobalSection
	GlobalSection(SolutionProperties) = preSolution
		HideSolutionNode = FALSE
	EndGlobalSection
	GlobalSection(ExtensibilityGlobals) = postSolution
		SolutionGuid = {FC508175-6B01-4123-953B-9592E752935B}
	EndGlobalSection
EndGlobal
